{
  "name": "localization-client",
  "version": "1.0.0",
  "lockfileVersion": 1,
  "requires": true,
  "dependencies": {
    "@types/angular": {
      "version": "1.6.48",
      "resolved": "https://registry.npmjs.org/@types/angular/-/angular-1.6.48.tgz",
      "integrity": "sha512-zF0WlsWOjTkZjWq93ESfvq/4s3E9P8EnbIjOFzlDbhepL2iOBk9SJf98eqnV2fvjstwrPF+uYZvcAggL7Xw1FA=="
    },
    "angular": {
      "version": "1.7.2",
      "resolved": "https://registry.npmjs.org/angular/-/angular-1.7.2.tgz",
      "integrity": "sha512-JcKKJbBdybUsmQ6x1M3xWyTYQ/ioVKJhSByEAjqrhmlOfvMFdhfMqAx5KIo8rLGk4DFolYPcCSgssjgTVjCtRQ=="
    },
    "angular-dynamic-locale": {
      "version": "0.1.37",
      "resolved": "https://registry.npmjs.org/angular-dynamic-locale/-/angular-dynamic-locale-0.1.37.tgz",
      "integrity": "sha512-m5Kyk8W8/mOZSqRxuByOwHBjv8labLBAgvl0Z3iQx2xT/tWCqb94imKUPwumudszdPDjxeopwyucQvm8Sw7ogw==",
      "requires": {
        "@types/angular": "^1.6.25"
      }
    },
    "angular-i18n": {
      "version": "1.7.2",
      "resolved": "https://registry.npmjs.org/angular-i18n/-/angular-i18n-1.7.2.tgz",
      "integrity": "sha512-KzFgiWcxb4Glj8hD26vGDcecB8re8AZMyo+eI2YZU4yyAdQHRBawiW1TeS34WF9M9lFh4qxBJLzwQ+tlpxWfTQ=="
    },
    "angular-translate": {
      "version": "2.18.1",
      "resolved": "https://registry.npmjs.org/angular-translate/-/angular-translate-2.18.1.tgz",
      "integrity": "sha512-Mw0kFBqsv5j8ItL9IhRZunIlVmIRW6iFsiTmRs9wGr2QTt8z4rehYlWyHos8qnXc/kyOYJiW50iH50CSNHGB9A==",
      "requires": {
        "angular": ">=1.2.26 <=1.7"
      }
    },
    "angular-translate-loader-static-files": {
      "version": "2.18.1",
      "resolved": "https://registry.npmjs.org/angular-translate-loader-static-files/-/angular-translate-loader-static-files-2.18.1.tgz",
      "integrity": "sha512-5MuyzAROfc493kjLjKlLGLBzXiRmZIFbcWZGutDRxW5SRXSpwrH0u0hh0ENNnUyUQbe2vUspHNPIuZqlq8qIhw==",
      "requires": {
        "angular-translate": "~2.18.1"
      }
    }
  }
}
